
Microsoft Visual Studio Solution File, Format Version 12.00
Project("{FAE04EC0-301F-11D3-BF4B-00C04F79EFBC}") = "LiteCRM.Api", "LiteCRM.Api\LiteCRM.Api.csproj", "{EAAC3F17-2830-4AF6-83B5-46F33B40256C}"
EndProject
Project("{FAE04EC0-301F-11D3-BF4B-00C04F79EFBC}") = "LiteCRM.WebApp", "LiteCRM.WebApp\LiteCRM.WebApp.csproj", "{80B0A332-6BDA-4E95-9C2D-36F911E4F399}"
EndProject
Project("{FAE04EC0-301F-11D3-BF4B-00C04F79EFBC}") = "LiteCRM.Api.Contracts", "LiteCRM.Api.Contracts\LiteCRM.Api.Contracts.csproj", "{09A2B0E3-DB22-4A81-9787-416A90D8F237}"
EndProject
Project("{FAE04EC0-301F-11D3-BF4B-00C04F79EFBC}") = "LiteCRM.Api.Sdk", "LiteCRM.Api.Sdk\LiteCRM.Api.Sdk.csproj", "{4C2E27D6-A37B-47C7-AB1E-BB7AA85D4C89}"
EndProject
Project("{FAE04EC0-301F-11D3-BF4B-00C04F79EFBC}") = "LiteCRM.Application", "LiteCRM.Application\LiteCRM.Application.csproj", "{DDBD9A76-03E3-48AB-98B8-9D45C7E8ED9A}"
EndProject
Project("{FAE04EC0-301F-11D3-BF4B-00C04F79EFBC}") = "LiteCRM.Domain", "LiteCRM.Domain\LiteCRM.Domain.csproj", "{D4C1823A-602D-42BE-A8C0-6EC286633978}"
EndProject
Project("{FAE04EC0-301F-11D3-BF4B-00C04F79EFBC}") = "LiteCRM.Persistence", "LiteCRM.Persistence\LiteCRM.Persistence.csproj", "{1BA2F1A8-8A92-47E1-9F82-62C30B1F634B}"
EndProject
Project("{FAE04EC0-301F-11D3-BF4B-00C04F79EFBC}") = "LiteCRM.Application.AspNet.ExceptionHandling", "LiteCRM.Application.AspNet.ExceptionHandling\LiteCRM.Application.AspNet.ExceptionHandling.csproj", "{7901FF72-D40B-4753-9BB6-7F861DA3055D}"
EndProject
Project("{FAE04EC0-301F-11D3-BF4B-00C04F79EFBC}") = "LiteCRM.Application.Tests", "LiteCRM.Application.Tests\LiteCRM.Application.Tests.csproj", "{AA60295B-E4FB-43D5-BF30-8DFED67A6506}"
EndProject
Global
	GlobalSection(SolutionConfigurationPlatforms) = preSolution
		Debug|Any CPU = Debug|Any CPU
		Release|Any CPU = Release|Any CPU
	EndGlobalSection
	GlobalSection(ProjectConfigurationPlatforms) = postSolution
		{EAAC3F17-2830-4AF6-83B5-46F33B40256C}.Debug|Any CPU.ActiveCfg = Debug|Any CPU
		{EAAC3F17-2830-4AF6-83B5-46F33B40256C}.Debug|Any CPU.Build.0 = Debug|Any CPU
		{EAAC3F17-2830-4AF6-83B5-46F33B40256C}.Release|Any CPU.ActiveCfg = Release|Any CPU
		{EAAC3F17-2830-4AF6-83B5-46F33B40256C}.Release|Any CPU.Build.0 = Release|Any CPU
		{80B0A332-6BDA-4E95-9C2D-36F911E4F399}.Debug|Any CPU.ActiveCfg = Debug|Any CPU
		{80B0A332-6BDA-4E95-9C2D-36F911E4F399}.Debug|Any CPU.Build.0 = Debug|Any CPU
		{80B0A332-6BDA-4E95-9C2D-36F911E4F399}.Release|Any CPU.ActiveCfg = Release|Any CPU
		{80B0A332-6BDA-4E95-9C2D-36F911E4F399}.Release|Any CPU.Build.0 = Release|Any CPU
		{09A2B0E3-DB22-4A81-9787-416A90D8F237}.Debug|Any CPU.ActiveCfg = Debug|Any CPU
		{09A2B0E3-DB22-4A81-9787-416A90D8F237}.Debug|Any CPU.Build.0 = Debug|Any CPU
		{09A2B0E3-DB22-4A81-9787-416A90D8F237}.Release|Any CPU.ActiveCfg = Release|Any CPU
		{09A2B0E3-DB22-4A81-9787-416A90D8F237}.Release|Any CPU.Build.0 = Release|Any CPU
		{4C2E27D6-A37B-47C7-AB1E-BB7AA85D4C89}.Debug|Any CPU.ActiveCfg = Debug|Any CPU
		{4C2E27D6-A37B-47C7-AB1E-BB7AA85D4C89}.Debug|Any CPU.Build.0 = Debug|Any CPU
		{4C2E27D6-A37B-47C7-AB1E-BB7AA85D4C89}.Release|Any CPU.ActiveCfg = Release|Any CPU
		{4C2E27D6-A37B-47C7-AB1E-BB7AA85D4C89}.Release|Any CPU.Build.0 = Release|Any CPU
		{DDBD9A76-03E3-48AB-98B8-9D45C7E8ED9A}.Debug|Any CPU.ActiveCfg = Debug|Any CPU
		{DDBD9A76-03E3-48AB-98B8-9D45C7E8ED9A}.Debug|Any CPU.Build.0 = Debug|Any CPU
		{DDBD9A76-03E3-48AB-98B8-9D45C7E8ED9A}.Release|Any CPU.ActiveCfg = Release|Any CPU
		{DDBD9A76-03E3-48AB-98B8-9D45C7E8ED9A}.Release|Any CPU.Build.0 = Release|Any CPU
		{D4C1823A-602D-42BE-A8C0-6EC286633978}.Debug|Any CPU.ActiveCfg = Debug|Any CPU
		{D4C1823A-602D-42BE-A8C0-6EC286633978}.Debug|Any CPU.Build.0 = Debug|Any CPU
		{D4C1823A-602D-42BE-A8C0-6EC286633978}.Release|Any CPU.ActiveCfg = Release|Any CPU
		{D4C1823A-602D-42BE-A8C0-6EC286633978}.Release|Any CPU.Build.0 = Release|Any CPU
		{1BA2F1A8-8A92-47E1-9F82-62C30B1F634B}.Debug|Any CPU.ActiveCfg = Debug|Any CPU
		{1BA2F1A8-8A92-47E1-9F82-62C30B1F634B}.Debug|Any CPU.Build.0 = Debug|Any CPU
		{1BA2F1A8-8A92-47E1-9F82-62C30B1F634B}.Release|Any CPU.ActiveCfg = Release|Any CPU
		{1BA2F1A8-8A92-47E1-9F82-62C30B1F634B}.Release|Any CPU.Build.0 = Release|Any CPU
		{7901FF72-D40B-4753-9BB6-7F861DA3055D}.Debug|Any CPU.ActiveCfg = Debug|Any CPU
		{7901FF72-D40B-4753-9BB6-7F861DA3055D}.Debug|Any CPU.Build.0 = Debug|Any CPU
		{7901FF72-D40B-4753-9BB6-7F861DA3055D}.Release|Any CPU.ActiveCfg = Release|Any CPU
		{7901FF72-D40B-4753-9BB6-7F861DA3055D}.Release|Any CPU.Build.0 = Release|Any CPU
		{AA60295B-E4FB-43D5-BF30-8DFED67A6506}.Debug|Any CPU.ActiveCfg = Debug|Any CPU
		{AA60295B-E4FB-43D5-BF30-8DFED67A6506}.Debug|Any CPU.Build.0 = Debug|Any CPU
		{AA60295B-E4FB-43D5-BF30-8DFED67A6506}.Release|Any CPU.ActiveCfg = Release|Any CPU
		{AA60295B-E4FB-43D5-BF30-8DFED67A6506}.Release|Any CPU.Build.0 = Release|Any CPU
	EndGlobalSection
EndGlobal
